<?xml version="1.0" encoding="utf-8"?>
<Project ToolsVersion="4.0" xmlns="http://schemas.microsoft.com/developer/msbuild/2003">
  <ItemGroup>
    <Filter Include="Source Files">
      <UniqueIdentifier>{4FC737F1-C7A5-4376-A066-2A32D752A2FF}</UniqueIdentifier>
      <Extensions>cpp;c;cc;cxx;def;odl;idl;hpj;bat;asm;asmx</Extensions>
    </Filter>
    <Filter Include="Header Files">
      <UniqueIdentifier>{93995380-89BD-4b04-88EB-625FBE52EBFB}</UniqueIdentifier>
      <Extensions>h;hpp;hxx;hm;inl;inc;xsd</Extensions>
    </Filter>
    <Filter Include="Resource Files">
      <UniqueIdentifier>{67DA6AB6-F800-4c08-8B7A-83BB121AAD01}</UniqueIdentifier>
      <Extensions>rc;ico;cur;bmp;dlg;rc2;rct;bin;rgs;gif;jpg;jpeg;jpe;resx;tiff;tif;png;wav;mfcribbon-ms</Extensions>
    </Filter>
    <Filter Include="Shaders">
      <UniqueIdentifier>{e11479ef-8a44-4ba5-9d5a-c14237485115}</UniqueIdentifier>
    </Filter>
  </ItemGroup>
  <ItemGroup>
    <ClCompile Include="DXGame.cpp">
      <Filter>Source Files</Filter>
    </ClCompile>
    <ClCompile Include="DemoGame.cpp">
      <Filter>Source Files</Filter>
    </ClCompile>
    <ClCompile Include="GameTimer.cpp">
      <Filter>Source Files</Filter>
    </ClCompile>
    <ClCompile Include="DirectXTK\Src\AlphaTestEffect.cpp">
      <Filter>Source Files</Filter>
    </ClCompile>
    <ClCompile Include="DirectXTK\Src\BasicEffect.cpp">
      <Filter>Source Files</Filter>
    </ClCompile>
    <ClCompile Include="DirectXTK\Src\BinaryReader.cpp">
      <Filter>Source Files</Filter>
    </ClCompile>
    <ClCompile Include="DirectXTK\Src\CommonStates.cpp">
      <Filter>Source Files</Filter>
    </ClCompile>
    <ClCompile Include="DirectXTK\Src\DDSTextureLoader.cpp">
      <Filter>Source Files</Filter>
    </ClCompile>
    <ClCompile Include="DirectXTK\Src\DualTextureEffect.cpp">
      <Filter>Source Files</Filter>
    </ClCompile>
    <ClCompile Include="DirectXTK\Src\EffectCommon.cpp">
      <Filter>Source Files</Filter>
    </ClCompile>
    <ClCompile Include="DirectXTK\Src\EffectFactory.cpp">
      <Filter>Source Files</Filter>
    </ClCompile>
    <ClCompile Include="DirectXTK\Src\EnvironmentMapEffect.cpp">
      <Filter>Source Files</Filter>
    </ClCompile>
    <ClCompile Include="DirectXTK\Src\GeometricPrimitive.cpp">
      <Filter>Source Files</Filter>
    </ClCompile>
    <ClCompile Include="DirectXTK\Src\Model.cpp">
      <Filter>Source Files</Filter>
    </ClCompile>
    <ClCompile Include="DirectXTK\Src\ModelLoadCMO.cpp">
      <Filter>Source Files</Filter>
    </ClCompile>
    <ClCompile Include="DirectXTK\Src\ModelLoadSDKMESH.cpp">
      <Filter>Source Files</Filter>
    </ClCompile>
    <ClCompile Include="DirectXTK\Src\pch.cpp">
      <Filter>Source Files</Filter>
    </ClCompile>
    <ClCompile Include="DirectXTK\Src\PrimitiveBatch.cpp">
      <Filter>Source Files</Filter>
    </ClCompile>
    <ClCompile Include="DirectXTK\Src\ScreenGrab.cpp">
      <Filter>Source Files</Filter>
    </ClCompile>
    <ClCompile Include="DirectXTK\Src\SkinnedEffect.cpp">
      <Filter>Source Files</Filter>
    </ClCompile>
    <ClCompile Include="DirectXTK\Src\SpriteBatch.cpp">
      <Filter>Source Files</Filter>
    </ClCompile>
    <ClCompile Include="DirectXTK\Src\SpriteFont.cpp">
      <Filter>Source Files</Filter>
    </ClCompile>
    <ClCompile Include="DirectXTK\Src\VertexTypes.cpp">
      <Filter>Source Files</Filter>
    </ClCompile>
    <ClCompile Include="DirectXTK\Src\WICTextureLoader.cpp">
      <Filter>Source Files</Filter>
    </ClCompile>
  </ItemGroup>
  <ItemGroup>
    <ClInclude Include="DXGame.h">
      <Filter>Header Files</Filter>
    </ClInclude>
    <ClInclude Include="GameTimer.h">
      <Filter>Header Files</Filter>
    </ClInclude>
    <ClInclude Include="DemoGame.h">
      <Filter>Header Files</Filter>
    </ClInclude>
    <ClInclude Include="DirectXTK\Inc\CommonStates.h">
      <Filter>Header Files</Filter>
    </ClInclude>
    <ClInclude Include="DirectXTK\Inc\DDSTextureLoader.h">
      <Filter>Header Files</Filter>
    </ClInclude>
    <ClInclude Include="DirectXTK\Inc\Effects.h">
      <Filter>Header Files</Filter>
    </ClInclude>
    <ClInclude Include="DirectXTK\Inc\GeometricPrimitive.h">
      <Filter>Header Files</Filter>
    </ClInclude>
    <ClInclude Include="DirectXTK\Inc\Model.h">
      <Filter>Header Files</Filter>
    </ClInclude>
    <ClInclude Include="DirectXTK\Inc\PrimitiveBatch.h">
      <Filter>Header Files</Filter>
    </ClInclude>
    <ClInclude Include="DirectXTK\Inc\ScreenGrab.h">
      <Filter>Header Files</Filter>
    </ClInclude>
    <ClInclude Include="DirectXTK\Inc\SimpleMath.h">
      <Filter>Header Files</Filter>
    </ClInclude>
    <ClInclude Include="DirectXTK\Inc\SpriteBatch.h">
      <Filter>Header Files</Filter>
    </ClInclude>
    <ClInclude Include="DirectXTK\Inc\SpriteFont.h">
      <Filter>Header Files</Filter>
    </ClInclude>
    <ClInclude Include="DirectXTK\Inc\VertexTypes.h">
      <Filter>Header Files</Filter>
    </ClInclude>
    <ClInclude Include="DirectXTK\Inc\WICTextureLoader.h">
      <Filter>Header Files</Filter>
    </ClInclude>
    <ClInclude Include="DirectXTK\Src\AlignedNew.h">
      <Filter>Header Files</Filter>
    </ClInclude>
    <ClInclude Include="DirectXTK\Src\Bezier.h">
      <Filter>Header Files</Filter>
    </ClInclude>
    <ClInclude Include="DirectXTK\Src\BinaryReader.h">
      <Filter>Header Files</Filter>
    </ClInclude>
    <ClInclude Include="DirectXTK\Src\ConstantBuffer.h">
      <Filter>Header Files</Filter>
    </ClInclude>
    <ClInclude Include="DirectXTK\Src\dds.h">
      <Filter>Header Files</Filter>
    </ClInclude>
    <ClInclude Include="DirectXTK\Src\DemandCreate.h">
      <Filter>Header Files</Filter>
    </ClInclude>
    <ClInclude Include="DirectXTK\Src\EffectCommon.h">
      <Filter>Header Files</Filter>
    </ClInclude>
    <ClInclude Include="DirectXTK\Src\pch.h">
      <Filter>Header Files</Filter>
    </ClInclude>
    <ClInclude Include="DirectXTK\Src\PlatformHelpers.h">
      <Filter>Header Files</Filter>
    </ClInclude>
    <ClInclude Include="DirectXTK\Src\SharedResourcePool.h">
      <Filter>Header Files</Filter>
    </ClInclude>
  </ItemGroup>
  <ItemGroup>
    <FxCompile Include="Shaders\PixelShader.hlsl">
      <Filter>Shaders</Filter>
    </FxCompile>
    <FxCompile Include="Shaders\VertexShader.hlsl">
      <Filter>Shaders</Filter>
    </FxCompile>
  </ItemGroup>
  <ItemGroup>
    <None Include="DirectXTK\Inc\SimpleMath.inl">
      <Filter>Header Files</Filter>
    </None>
    <None Include="DirectXTK\Src\Shaders\Compiled\AlphaTestEffect_PSAlphaTestEqNe.inc">
      <Filter>Header Files</Filter>
    </None>
    <None Include="DirectXTK\Src\Shaders\Compiled\AlphaTestEffect_PSAlphaTestEqNeNoFog.inc">
      <Filter>Header Files</Filter>
    </None>
    <None Include="DirectXTK\Src\Shaders\Compiled\AlphaTestEffect_PSAlphaTestLtGt.inc">
      <Filter>Header Files</Filter>
    </None>
    <None Include="DirectXTK\Src\Shaders\Compiled\AlphaTestEffect_PSAlphaTestLtGtNoFog.inc">
      <Filter>Header Files</Filter>
    </None>
    <None Include="DirectXTK\Src\Shaders\Compiled\AlphaTestEffect_VSAlphaTest.inc">
      <Filter>Header Files</Filter>
    </None>
    <None Include="DirectXTK\Src\Shaders\Compiled\AlphaTestEffect_VSAlphaTestNoFog.inc">
      <Filter>Header Files</Filter>
    </None>
    <None Include="DirectXTK\Src\Shaders\Compiled\AlphaTestEffect_VSAlphaTestVc.inc">
      <Filter>Header Files</Filter>
    </None>
    <None Include="DirectXTK\Src\Shaders\Compiled\AlphaTestEffect_VSAlphaTestVcNoFog.inc">
      <Filter>Header Files</Filter>
    </None>
    <None Include="DirectXTK\Src\Shaders\Compiled\BasicEffect_PSBasic.inc">
      <Filter>Header Files</Filter>
    </None>
    <None Include="DirectXTK\Src\Shaders\Compiled\BasicEffect_PSBasicNoFog.inc">
      <Filter>Header Files</Filter>
    </None>
    <None Include="DirectXTK\Src\Shaders\Compiled\BasicEffect_PSBasicPixelLighting.inc">
      <Filter>Header Files</Filter>
    </None>
    <None Include="DirectXTK\Src\Shaders\Compiled\BasicEffect_PSBasicPixelLightingTx.inc">
      <Filter>Header Files</Filter>
    </None>
    <None Include="DirectXTK\Src\Shaders\Compiled\BasicEffect_PSBasicTx.inc">
      <Filter>Header Files</Filter>
    </None>
    <None Include="DirectXTK\Src\Shaders\Compiled\BasicEffect_PSBasicTxNoFog.inc">
      <Filter>Header Files</Filter>
    </None>
    <None Include="DirectXTK\Src\Shaders\Compiled\BasicEffect_PSBasicVertexLighting.inc">
      <Filter>Header Files</Filter>
    </None>
    <None Include="DirectXTK\Src\Shaders\Compiled\BasicEffect_PSBasicVertexLightingNoFog.inc">
      <Filter>Header Files</Filter>
    </None>
    <None Include="DirectXTK\Src\Shaders\Compiled\BasicEffect_PSBasicVertexLightingTx.inc">
      <Filter>Header Files</Filter>
    </None>
    <None Include="DirectXTK\Src\Shaders\Compiled\BasicEffect_PSBasicVertexLightingTxNoFog.inc">
      <Filter>Header Files</Filter>
    </None>
    <None Include="DirectXTK\Src\Shaders\Compiled\BasicEffect_VSBasic.inc">
      <Filter>Header Files</Filter>
    </None>
    <None Include="DirectXTK\Src\Shaders\Compiled\BasicEffect_VSBasicNoFog.inc">
      <Filter>Header Files</Filter>
    </None>
    <None Include="DirectXTK\Src\Shaders\Compiled\BasicEffect_VSBasicOneLight.inc">
      <Filter>Header Files</Filter>
    </None>
    <None Include="DirectXTK\Src\Shaders\Compiled\BasicEffect_VSBasicOneLightTx.inc">
      <Filter>Header Files</Filter>
    </None>
    <None Include="DirectXTK\Src\Shaders\Compiled\BasicEffect_VSBasicOneLightTxVc.inc">
      <Filter>Header Files</Filter>
    </None>
    <None Include="DirectXTK\Src\Shaders\Compiled\BasicEffect_VSBasicOneLightVc.inc">
      <Filter>Header Files</Filter>
    </None>
    <None Include="DirectXTK\Src\Shaders\Compiled\BasicEffect_VSBasicPixelLighting.inc">
      <Filter>Header Files</Filter>
    </None>
    <None Include="DirectXTK\Src\Shaders\Compiled\BasicEffect_VSBasicPixelLightingTx.inc">
      <Filter>Header Files</Filter>
    </None>
    <None Include="DirectXTK\Src\Shaders\Compiled\BasicEffect_VSBasicPixelLightingTxVc.inc">
      <Filter>Header Files</Filter>
    </None>
    <None Include="DirectXTK\Src\Shaders\Compiled\BasicEffect_VSBasicPixelLightingVc.inc">
      <Filter>Header Files</Filter>
    </None>
    <None Include="DirectXTK\Src\Shaders\Compiled\BasicEffect_VSBasicTx.inc">
      <Filter>Header Files</Filter>
    </None>
    <None Include="DirectXTK\Src\Shaders\Compiled\BasicEffect_VSBasicTxNoFog.inc">
      <Filter>Header Files</Filter>
    </None>
    <None Include="DirectXTK\Src\Shaders\Compiled\BasicEffect_VSBasicTxVc.inc">
      <Filter>Header Files</Filter>
    </None>
    <None Include="DirectXTK\Src\Shaders\Compiled\BasicEffect_VSBasicTxVcNoFog.inc">
      <Filter>Header Files</Filter>
    </None>
    <None Include="DirectXTK\Src\Shaders\Compiled\BasicEffect_VSBasicVc.inc">
      <Filter>Header Files</Filter>
    </None>
    <None Include="DirectXTK\Src\Shaders\Compiled\BasicEffect_VSBasicVcNoFog.inc">
      <Filter>Header Files</Filter>
    </None>
    <None Include="DirectXTK\Src\Shaders\Compiled\BasicEffect_VSBasicVertexLighting.inc">
      <Filter>Header Files</Filter>
    </None>
    <None Include="DirectXTK\Src\Shaders\Compiled\BasicEffect_VSBasicVertexLightingTx.inc">
      <Filter>Header Files</Filter>
    </None>
    <None Include="DirectXTK\Src\Shaders\Compiled\BasicEffect_VSBasicVertexLightingTxVc.inc">
      <Filter>Header Files</Filter>
    </None>
    <None Include="DirectXTK\Src\Shaders\Compiled\BasicEffect_VSBasicVertexLightingVc.inc">
      <Filter>Header Files</Filter>
    </None>
    <None Include="DirectXTK\Src\Shaders\Compiled\DualTextureEffect_PSDualTexture.inc">
      <Filter>Header Files</Filter>
    </None>
    <None Include="DirectXTK\Src\Shaders\Compiled\DualTextureEffect_PSDualTextureNoFog.inc">
      <Filter>Header Files</Filter>
    </None>
    <None Include="DirectXTK\Src\Shaders\Compiled\DualTextureEffect_VSDualTexture.inc">
      <Filter>Header Files</Filter>
    </None>
    <None Include="DirectXTK\Src\Shaders\Compiled\DualTextureEffect_VSDualTextureNoFog.inc">
      <Filter>Header Files</Filter>
    </None>
    <None Include="DirectXTK\Src\Shaders\Compiled\DualTextureEffect_VSDualTextureVc.inc">
      <Filter>Header Files</Filter>
    </None>
    <None Include="DirectXTK\Src\Shaders\Compiled\DualTextureEffect_VSDualTextureVcNoFog.inc">
      <Filter>Header Files</Filter>
    </None>
    <None Include="DirectXTK\Src\Shaders\Compiled\EnvironmentMapEffect_PSEnvMap.inc">
      <Filter>Header Files</Filter>
    </None>
    <None Include="DirectXTK\Src\Shaders\Compiled\EnvironmentMapEffect_PSEnvMapNoFog.inc">
      <Filter>Header Files</Filter>
    </None>
    <None Include="DirectXTK\Src\Shaders\Compiled\EnvironmentMapEffect_PSEnvMapSpecular.inc">
      <Filter>Header Files</Filter>
    </None>
    <None Include="DirectXTK\Src\Shaders\Compiled\EnvironmentMapEffect_PSEnvMapSpecularNoFog.inc">
      <Filter>Header Files</Filter>
    </None>
    <None Include="DirectXTK\Src\Shaders\Compiled\EnvironmentMapEffect_VSEnvMap.inc">
      <Filter>Header Files</Filter>
    </None>
    <None Include="DirectXTK\Src\Shaders\Compiled\EnvironmentMapEffect_VSEnvMapFresnel.inc">
      <Filter>Header Files</Filter>
    </None>
    <None Include="DirectXTK\Src\Shaders\Compiled\EnvironmentMapEffect_VSEnvMapOneLight.inc">
      <Filter>Header Files</Filter>
    </None>
    <None Include="DirectXTK\Src\Shaders\Compiled\EnvironmentMapEffect_VSEnvMapOneLightFresnel.inc">
      <Filter>Header Files</Filter>
    </None>
    <None Include="DirectXTK\Src\Shaders\Compiled\SkinnedEffect_PSSkinnedPixelLighting.inc">
      <Filter>Header Files</Filter>
    </None>
    <None Include="DirectXTK\Src\Shaders\Compiled\SkinnedEffect_PSSkinnedVertexLighting.inc">
      <Filter>Header Files</Filter>
    </None>
    <None Include="DirectXTK\Src\Shaders\Compiled\SkinnedEffect_PSSkinnedVertexLightingNoFog.inc">
      <Filter>Header Files</Filter>
    </None>
    <None Include="DirectXTK\Src\Shaders\Compiled\SkinnedEffect_VSSkinnedOneLightFourBones.inc">
      <Filter>Header Files</Filter>
    </None>
    <None Include="DirectXTK\Src\Shaders\Compiled\SkinnedEffect_VSSkinnedOneLightOneBone.inc">
      <Filter>Header Files</Filter>
    </None>
    <None Include="DirectXTK\Src\Shaders\Compiled\SkinnedEffect_VSSkinnedOneLightTwoBones.inc">
      <Filter>Header Files</Filter>
    </None>
    <None Include="DirectXTK\Src\Shaders\Compiled\SkinnedEffect_VSSkinnedPixelLightingFourBones.inc">
      <Filter>Header Files</Filter>
    </None>
    <None Include="DirectXTK\Src\Shaders\Compiled\SkinnedEffect_VSSkinnedPixelLightingOneBone.inc">
      <Filter>Header Files</Filter>
    </None>
    <None Include="DirectXTK\Src\Shaders\Compiled\SkinnedEffect_VSSkinnedPixelLightingTwoBones.inc">
      <Filter>Header Files</Filter>
    </None>
    <None Include="DirectXTK\Src\Shaders\Compiled\SkinnedEffect_VSSkinnedVertexLightingFourBones.inc">
      <Filter>Header Files</Filter>
    </None>
    <None Include="DirectXTK\Src\Shaders\Compiled\SkinnedEffect_VSSkinnedVertexLightingOneBone.inc">
      <Filter>Header Files</Filter>
    </None>
    <None Include="DirectXTK\Src\Shaders\Compiled\SkinnedEffect_VSSkinnedVertexLightingTwoBones.inc">
      <Filter>Header Files</Filter>
    </None>
    <None Include="DirectXTK\Src\Shaders\Compiled\SpriteEffect_SpritePixelShader.inc">
      <Filter>Header Files</Filter>
    </None>
    <None Include="DirectXTK\Src\Shaders\Compiled\SpriteEffect_SpriteVertexShader.inc">
      <Filter>Header Files</Filter>
    </None>
    <None Include="DirectXTK\Src\TeapotData.inc">
      <Filter>Header Files</Filter>
    </None>
  </ItemGroup>
</Project>